
Microsoft Visual Studio Solution File, Format Version 12.00
# Visual Studio Version 17
VisualStudioVersion = 17.3.32929.385
MinimumVisualStudioVersion = 10.0.40219.1
Project("{FAE04EC0-301F-11D3-BF4B-00C04F79EFBC}") = "RauCuXanh.Android", "RauCuXanh\RauCuXanh.Android\RauCuXanh.Android.csproj", "{8B065A31-09E9-4709-9AED-A78D6D546806}"
EndProject
Project("{FAE04EC0-301F-11D3-BF4B-00C04F79EFBC}") = "RauCuXanh.iOS", "RauCuXanh\RauCuXanh.iOS\RauCuXanh.iOS.csproj", "{2E1895A2-FCFF-41A8-AC7C-1B08347710CC}"
EndProject
Project("{FAE04EC0-301F-11D3-BF4B-00C04F79EFBC}") = "RauCuXanh", "RauCuXanh\RauCuXanh\RauCuXanh.csproj", "{387BC2BA-CC17-4623-808C-46821390EEC1}"
EndProject
Global
	GlobalSection(SolutionConfigurationPlatforms) = preSolution
		Debug|Any CPU = Debug|Any CPU
		Debug|iPhone = Debug|iPhone
		Debug|iPhoneSimulator = Debug|iPhoneSimulator
		Release|Any CPU = Release|Any CPU
		Release|iPhone = Release|iPhone
		Release|iPhoneSimulator = Release|iPhoneSimulator
	EndGlobalSection
	GlobalSection(ProjectConfigurationPlatforms) = postSolution
		{8B065A31-09E9-4709-9AED-A78D6D546806}.Debug|Any CPU.ActiveCfg = Debug|Any CPU
		{8B065A31-09E9-4709-9AED-A78D6D546806}.Debug|Any CPU.Build.0 = Debug|Any CPU
		{8B065A31-09E9-4709-9AED-A78D6D546806}.Debug|Any CPU.Deploy.0 = Debug|Any CPU
		{8B065A31-09E9-4709-9AED-A78D6D546806}.Debug|iPhone.ActiveCfg = Debug|Any CPU
		{8B065A31-09E9-4709-9AED-A78D6D546806}.Debug|iPhone.Build.0 = Debug|Any CPU
		{8B065A31-09E9-4709-9AED-A78D6D546806}.Debug|iPhone.Deploy.0 = Debug|Any CPU
		{8B065A31-09E9-4709-9AED-A78D6D546806}.Debug|iPhoneSimulator.ActiveCfg = Debug|Any CPU
		{8B065A31-09E9-4709-9AED-A78D6D546806}.Debug|iPhoneSimulator.Build.0 = Debug|Any CPU
		{8B065A31-09E9-4709-9AED-A78D6D546806}.Debug|iPhoneSimulator.Deploy.0 = Debug|Any CPU
		{8B065A31-09E9-4709-9AED-A78D6D546806}.Release|Any CPU.ActiveCfg = Release|Any CPU
		{8B065A31-09E9-4709-9AED-A78D6D546806}.Release|Any CPU.Build.0 = Release|Any CPU
		{8B065A31-09E9-4709-9AED-A78D6D546806}.Release|Any CPU.Deploy.0 = Release|Any CPU
		{8B065A31-09E9-4709-9AED-A78D6D546806}.Release|iPhone.ActiveCfg = Release|Any CPU
		{8B065A31-09E9-4709-9AED-A78D6D546806}.Release|iPhone.Build.0 = Release|Any CPU
		{8B065A31-09E9-4709-9AED-A78D6D546806}.Release|iPhone.Deploy.0 = Release|Any CPU
		{8B065A31-09E9-4709-9AED-A78D6D546806}.Release|iPhoneSimulator.ActiveCfg = Release|Any CPU
		{8B065A31-09E9-4709-9AED-A78D6D546806}.Release|iPhoneSimulator.Build.0 = Release|Any CPU
		{8B065A31-09E9-4709-9AED-A78D6D546806}.Release|iPhoneSimulator.Deploy.0 = Release|Any CPU
		{2E1895A2-FCFF-41A8-AC7C-1B08347710CC}.Debug|Any CPU.ActiveCfg = Debug|iPhone
		{2E1895A2-FCFF-41A8-AC7C-1B08347710CC}.Debug|Any CPU.Build.0 = Debug|iPhone
		{2E1895A2-FCFF-41A8-AC7C-1B08347710CC}.Debug|Any CPU.Deploy.0 = Debug|iPhone
		{2E1895A2-FCFF-41A8-AC7C-1B08347710CC}.Debug|iPhone.ActiveCfg = Debug|iPhone
		{2E1895A2-FCFF-41A8-AC7C-1B08347710CC}.Debug|iPhone.Build.0 = Debug|iPhone
		{2E1895A2-FCFF-41A8-AC7C-1B08347710CC}.Debug|iPhone.Deploy.0 = Debug|iPhone
		{2E1895A2-FCFF-41A8-AC7C-1B08347710CC}.Debug|iPhoneSimulator.ActiveCfg = Debug|iPhoneSimulator
		{2E1895A2-FCFF-41A8-AC7C-1B08347710CC}.Debug|iPhoneSimulator.Build.0 = Debug|iPhoneSimulator
		{2E1895A2-FCFF-41A8-AC7C-1B08347710CC}.Debug|iPhoneSimulator.Deploy.0 = Debug|iPhoneSimulator
		{2E1895A2-FCFF-41A8-AC7C-1B08347710CC}.Release|Any CPU.ActiveCfg = Release|iPhoneSimulator
		{2E1895A2-FCFF-41A8-AC7C-1B08347710CC}.Release|Any CPU.Build.0 = Release|iPhoneSimulator
		{2E1895A2-FCFF-41A8-AC7C-1B08347710CC}.Release|Any CPU.Deploy.0 = Release|iPhoneSimulator
		{2E1895A2-FCFF-41A8-AC7C-1B08347710CC}.Release|iPhone.ActiveCfg = Release|iPhone
		{2E1895A2-FCFF-41A8-AC7C-1B08347710CC}.Release|iPhone.Build.0 = Release|iPhone
		{2E1895A2-FCFF-41A8-AC7C-1B08347710CC}.Release|iPhone.Deploy.0 = Release|iPhone
		{2E1895A2-FCFF-41A8-AC7C-1B08347710CC}.Release|iPhoneSimulator.ActiveCfg = Release|iPhoneSimulator
		{2E1895A2-FCFF-41A8-AC7C-1B08347710CC}.Release|iPhoneSimulator.Build.0 = Release|iPhoneSimulator
		{2E1895A2-FCFF-41A8-AC7C-1B08347710CC}.Release|iPhoneSimulator.Deploy.0 = Release|iPhoneSimulator
		{387BC2BA-CC17-4623-808C-46821390EEC1}.Debug|Any CPU.ActiveCfg = Debug|Any CPU
		{387BC2BA-CC17-4623-808C-46821390EEC1}.Debug|Any CPU.Build.0 = Debug|Any CPU
		{387BC2BA-CC17-4623-808C-46821390EEC1}.Debug|Any CPU.Deploy.0 = Debug|Any CPU
		{387BC2BA-CC17-4623-808C-46821390EEC1}.Debug|iPhone.ActiveCfg = Debug|Any CPU
		{387BC2BA-CC17-4623-808C-46821390EEC1}.Debug|iPhone.Build.0 = Debug|Any CPU
		{387BC2BA-CC17-4623-808C-46821390EEC1}.Debug|iPhone.Deploy.0 = Debug|Any CPU
		{387BC2BA-CC17-4623-808C-46821390EEC1}.Debug|iPhoneSimulator.ActiveCfg = Debug|Any CPU
		{387BC2BA-CC17-4623-808C-46821390EEC1}.Debug|iPhoneSimulator.Build.0 = Debug|Any CPU
		{387BC2BA-CC17-4623-808C-46821390EEC1}.Debug|iPhoneSimulator.Deploy.0 = Debug|Any CPU
		{387BC2BA-CC17-4623-808C-46821390EEC1}.Release|Any CPU.ActiveCfg = Release|Any CPU
		{387BC2BA-CC17-4623-808C-46821390EEC1}.Release|Any CPU.Build.0 = Release|Any CPU
		{387BC2BA-CC17-4623-808C-46821390EEC1}.Release|Any CPU.Deploy.0 = Release|Any CPU
		{387BC2BA-CC17-4623-808C-46821390EEC1}.Release|iPhone.ActiveCfg = Release|Any CPU
		{387BC2BA-CC17-4623-808C-46821390EEC1}.Release|iPhone.Build.0 = Release|Any CPU
		{387BC2BA-CC17-4623-808C-46821390EEC1}.Release|iPhone.Deploy.0 = Release|Any CPU
		{387BC2BA-CC17-4623-808C-46821390EEC1}.Release|iPhoneSimulator.ActiveCfg = Release|Any CPU
		{387BC2BA-CC17-4623-808C-46821390EEC1}.Release|iPhoneSimulator.Build.0 = Release|Any CPU
		{387BC2BA-CC17-4623-808C-46821390EEC1}.Release|iPhoneSimulator.Deploy.0 = Release|Any CPU
	EndGlobalSection
	GlobalSection(SolutionProperties) = preSolution
		HideSolutionNode = FALSE
	EndGlobalSection
	GlobalSection(ExtensibilityGlobals) = postSolution
		SolutionGuid = {F9122BF6-ABB2-4CBF-970C-58D1B0F3D957}
	EndGlobalSection
EndGlobal
